<?xml version="1.0" encoding="utf-8"?>
<Project ToolsVersion="4.0" xmlns="http://schemas.microsoft.com/developer/msbuild/2003">
  <ItemGroup>
    <Filter Include="Source Files">
      <UniqueIdentifier>{4FC737F1-C7A5-4376-A066-2A32D752A2FF}</UniqueIdentifier>
      <Extensions>cpp;c;cc;cxx;def;odl;idl;hpj;bat;asm;asmx</Extensions>
    </Filter>
  </ItemGroup>
  <ItemGroup>
    <ClInclude Include="Source\Util\FileUtilities.h">
      <Filter>Source Files</Filter>
    </ClInclude>
    <ClInclude Include="Source\Util\GLM.h">
      <Filter>Source Files</Filter>
    </ClInclude>
    <ClInclude Include="Shaders\LoadShader.h">
      <Filter>Source Files</Filter>
    </ClInclude>
    <ClInclude Include="Source\Application.h" />
    <ClInclude Include="Source\Context.h">
      <Filter>Source Files</Filter>
    </ClInclude>
    <ClInclude Include="Source\Renderer\Shaders\LoadShader.h">
      <Filter>Source Files</Filter>
    </ClInclude>
    <ClInclude Include="Source\Renderer\Shaders\ShaderProgram.h" />
    <ClInclude Include="Source\Model.h" />
    <ClInclude Include="Source\Renderer\Texture\BasicTexture.h" />
    <ClInclude Include="Source\Renderer\Texture\stb_image.h" />
    <ClInclude Include="Source\Renderer\Shaders\BlockShader.h" />
  </ItemGroup>
  <ItemGroup>
    <ClCompile Include="Source\Util\FileUtilities.cpp">
      <Filter>Source Files</Filter>
    </ClCompile>
    <ClCompile Include="Source\Main.cpp">
      <Filter>Source Files</Filter>
    </ClCompile>
    <ClCompile Include="Source\Application.cpp">
      <Filter>Source Files</Filter>
    </ClCompile>
    <ClCompile Include="Source\Renderer\Shaders\LoadShader.cpp">
      <Filter>Source Files</Filter>
    </ClCompile>
    <ClCompile Include="Source\Renderer\Shaders\ShaderProgram.cpp">
      <Filter>Source Files</Filter>
    </ClCompile>
    <ClCompile Include="Source\Model.cpp">
      <Filter>Source Files</Filter>
    </ClCompile>
    <ClCompile Include="Source\Renderer\Texture\BasicTexture.cpp">
      <Filter>Source Files</Filter>
    </ClCompile>
    <ClCompile Include="Source\Renderer\Shaders\BlockShader.cpp">
      <Filter>Source Files</Filter>
    </ClCompile>
  </ItemGroup>
</Project>