<?xml version="1.0" encoding="utf-8"?>
<Project ToolsVersion="4.0" xmlns="http://schemas.microsoft.com/developer/msbuild/2003">
  <ItemGroup>
    <Filter Include="Source Files">
      <UniqueIdentifier>{4FC737F1-C7A5-4376-A066-2A32D752A2FF}</UniqueIdentifier>
      <Extensions>cpp;c;cc;cxx;def;odl;idl;hpj;bat;asm;asmx</Extensions>
    </Filter>
  </ItemGroup>
  <ItemGroup>
    <ClInclude Include="Source\Util\FileUtilities.h">
      <Filter>Source Files</Filter>
    </ClInclude>
    <ClInclude Include="Source\Shaders\BaseShader.h">
      <Filter>Source Files</Filter>
    </ClInclude>
    <ClInclude Include="Source\Texture\BaseTexture.h">
      <Filter>Source Files</Filter>
    </ClInclude>
    <ClInclude Include="Source\Util\GLM.h">
      <Filter>Source Files</Filter>
    </ClInclude>
    <ClInclude Include="Source\Shaders\LoadShader.h">
      <Filter>Source Files</Filter>
    </ClInclude>
    <ClInclude Include="Shaders\LoadShader.h">
      <Filter>Source Files</Filter>
    </ClInclude>
    <ClInclude Include="Source\RenderContext.h">
      <Filter>Source Files</Filter>
    </ClInclude>
  </ItemGroup>
  <ItemGroup>
    <ClCompile Include="Source\Util\FileUtilities.cpp">
      <Filter>Source Files</Filter>
    </ClCompile>
    <ClCompile Include="Source\Shaders\LoadShader.cpp">
      <Filter>Source Files</Filter>
    </ClCompile>
    <ClCompile Include="Source\Texture\BaseTexture.cpp">
      <Filter>Source Files</Filter>
    </ClCompile>
    <ClCompile Include="Source\Shaders\BaseShader.cpp">
      <Filter>Source Files</Filter>
    </ClCompile>
    <ClCompile Include="Source\Main.cpp">
      <Filter>Source Files</Filter>
    </ClCompile>
  </ItemGroup>
</Project>