<?xml version="1.0" encoding="utf-8"?>
<Project ToolsVersion="4.0" xmlns="http://schemas.microsoft.com/developer/msbuild/2003">
  <ItemGroup>
    <Filter Include="Source Files">
      <UniqueIdentifier>{4FC737F1-C7A5-4376-A066-2A32D752A2FF}</UniqueIdentifier>
      <Extensions>cpp;c;cc;cxx;def;odl;idl;hpj;bat;asm;asmx</Extensions>
    </Filter>
  </ItemGroup>
  <ItemGroup>
    <ClInclude Include="Shaders\LoadShader.h">
      <Filter>Source Files</Filter>
    </ClInclude>
    <ClInclude Include="Source\Application.h" />
    <ClInclude Include="Source\States\StateBase.h" />
    <ClInclude Include="Source\RenderContext.h" />
    <ClInclude Include="Source\States\StatePlaying.h" />
    <ClInclude Include="Source\States\StateSplash.h" />
    <ClInclude Include="Source\Renderer\Shaders\ShaderProgram.h" />
    <ClInclude Include="Source\Renderer\Shaders\LoadShader.h" />
    <ClInclude Include="Source\Utils\FileUtils.h" />
    <ClInclude Include="Source\Renderer\Shaders\BlockShader.h" />
    <ClInclude Include="Source\Renderer\BlockRenderer.h" />
    <ClInclude Include="Source\Camera.h" />
    <ClInclude Include="Source\Entity\Entity.h" />
    <ClInclude Include="Source\Entity\Player.h" />
    <ClInclude Include="Source\Renderer\MasterRenderer.h" />
    <ClInclude Include="Source\GL\CubePrimitive.h" />
    <ClInclude Include="Source\GL\Model.h" />
    <ClInclude Include="Source\World\BlockID.h" />
    <ClInclude Include="Source\World\WorldConstants.h" />
    <ClInclude Include="Source\World\BlockTypeDatabase.h" />
    <ClInclude Include="Source\Renderer\Shaders\ChunkShader.h" />
    <ClInclude Include="Source\Renderer\ChunkRenderer.h" />
    <ClInclude Include="Source\World\Chunk\Chunk.h" />
    <ClInclude Include="Source\World\Chunk\ChunkMesh.h" />
    <ClInclude Include="Source\World\Chunk\ChunkMeshBuilder.h" />
    <ClInclude Include="Source\GL\QuadPrimitive.h" />
    <ClInclude Include="Source\World\Coordinates.h" />
    <ClInclude Include="Source\World\ChunkManager.h" />
    <ClInclude Include="Source\World\World.h" />
    <ClInclude Include="Source\World\Chunk\ChunkTools.h" />
    <ClInclude Include="Source\World\Terrain\WorldTerrain.h" />
    <ClInclude Include="Source\Utils\Ray.h" />
    <ClInclude Include="Source\World\Event\BaseEvent.h" />
    <ClInclude Include="Source\World\Chunk\ChunkBlock.h" />
    <ClInclude Include="Source\World\Terrain\Generators\NoiseWrapper.h" />
    <ClInclude Include="Source\World\Terrain\Generators\FastNoise.h" />
    <ClInclude Include="Source\Utils\RobinHash.h" />
    <ClInclude Include="Source\World\Terrain\StructureBuilder.h" />
    <ClInclude Include="Source\World\Terrain\Column.h" />
    <ClInclude Include="Source\World\Terrain\Structures\Structure.h" />
    <ClInclude Include="Source\World\Terrain\Structures\StoneStructure.h" />
  </ItemGroup>
  <ItemGroup>
    <ClCompile Include="Source\Main.cpp">
      <Filter>Source Files</Filter>
    </ClCompile>
    <ClCompile Include="Source\Application.cpp">
      <Filter>Source Files</Filter>
    </ClCompile>
    <ClCompile Include="Source\States\StatePlaying.cpp">
      <Filter>Source Files</Filter>
    </ClCompile>
    <ClCompile Include="Source\States\StateSplash.cpp">
      <Filter>Source Files</Filter>
    </ClCompile>
    <ClCompile Include="Source\Renderer\Shaders\ShaderProgram.cpp">
      <Filter>Source Files</Filter>
    </ClCompile>
    <ClCompile Include="Source\Renderer\Shaders\LoadShader.cpp">
      <Filter>Source Files</Filter>
    </ClCompile>
    <ClCompile Include="Source\Utils\FileUtils.cpp">
      <Filter>Source Files</Filter>
    </ClCompile>
    <ClCompile Include="Source\Renderer\Shaders\BlockShader.cpp">
      <Filter>Source Files</Filter>
    </ClCompile>
    <ClCompile Include="Source\Entity\Player.cpp">
      <Filter>Source Files</Filter>
    </ClCompile>
    <ClCompile Include="Source\GL\Model.cpp">
      <Filter>Source Files</Filter>
    </ClCompile>
    <ClCompile Include="Source\Camera.cpp">
      <Filter>Source Files</Filter>
    </ClCompile>
    <ClCompile Include="Source\Renderer\BlockRenderer.cpp">
      <Filter>Source Files</Filter>
    </ClCompile>
    <ClCompile Include="Source\GL\CubePrimitive.cpp">
      <Filter>Source Files</Filter>
    </ClCompile>
    <ClCompile Include="Source\Renderer\MasterRenderer.cpp">
      <Filter>Source Files</Filter>
    </ClCompile>
    <ClCompile Include="Source\World\BlockTypeDatabase.cpp">
      <Filter>Source Files</Filter>
    </ClCompile>
    <ClCompile Include="Source\Renderer\Shaders\ChunkShader.cpp">
      <Filter>Source Files</Filter>
    </ClCompile>
    <ClCompile Include="Source\Renderer\ChunkRenderer.cpp">
      <Filter>Source Files</Filter>
    </ClCompile>
    <ClCompile Include="Source\World\Chunk\Chunk.cpp">
      <Filter>Source Files</Filter>
    </ClCompile>
    <ClCompile Include="Source\World\Chunk\ChunkMesh.cpp">
      <Filter>Source Files</Filter>
    </ClCompile>
    <ClCompile Include="Source\GL\QuadPrimitive.cpp">
      <Filter>Source Files</Filter>
    </ClCompile>
    <ClCompile Include="Source\World\Chunk\ChunkMeshBuilder.cpp">
      <Filter>Source Files</Filter>
    </ClCompile>
    <ClCompile Include="Source\World\ChunkManager.cpp">
      <Filter>Source Files</Filter>
    </ClCompile>
    <ClCompile Include="Source\World\Coordinates.cpp">
      <Filter>Source Files</Filter>
    </ClCompile>
    <ClCompile Include="Source\World\World.cpp">
      <Filter>Source Files</Filter>
    </ClCompile>
    <ClCompile Include="Source\World\Chunk\ChunkTools.cpp">
      <Filter>Source Files</Filter>
    </ClCompile>
    <ClCompile Include="Source\World\Terrain\WorldTerrain.cpp">
      <Filter>Source Files</Filter>
    </ClCompile>
    <ClCompile Include="Source\Utils\Ray.cpp">
      <Filter>Source Files</Filter>
    </ClCompile>
    <ClCompile Include="Source\World\Chunk\ChunkBlock.cpp">
      <Filter>Source Files</Filter>
    </ClCompile>
    <ClCompile Include="Source\World\Terrain\Generators\FastNoise.cpp">
      <Filter>Source Files</Filter>
    </ClCompile>
    <ClCompile Include="Source\World\Terrain\Generators\NoiseWrapper.cpp">
      <Filter>Source Files</Filter>
    </ClCompile>
    <ClCompile Include="Source\World\Terrain\StructureBuilder.cpp">
      <Filter>Source Files</Filter>
    </ClCompile>
    <ClCompile Include="Source\World\Terrain\Column.cpp">
      <Filter>Source Files</Filter>
    </ClCompile>
    <ClCompile Include="Source\World\Terrain\Structures\StoneStructure.cpp">
      <Filter>Source Files</Filter>
    </ClCompile>
  </ItemGroup>
</Project>